
Microsoft Visual Studio Solution File, Format Version 12.00
# Visual Studio Version 17
VisualStudioVersion = 17.6.33815.320
MinimumVisualStudioVersion = 10.0.40219.1
Project("{9A19103F-16F7-4668-BE54-9A1E7A4F7556}") = "RentACarAppLibrary", "RentACarAppLibrary\RentACarAppLibrary.csproj", "{4D4FE39C-77FB-470D-BEF5-99523B0F004A}"
EndProject
Project("{00D1A9C2-B5F0-4AF3-8072-F6C62B433612}") = "RentACarAppDb", "RentACarAppDb\RentACarAppDb.sqlproj", "{E71C8698-B1C9-46C2-913F-D3ECAB4C67E8}"
EndProject
Project("{FAE04EC0-301F-11D3-BF4B-00C04F79EFBC}") = "RentACarApp.Web", "RentACarApp.Web\RentACarApp.Web.csproj", "{AA6E16FD-2875-42B6-85EE-83AE95AC8836}"
EndProject
Global
	GlobalSection(SolutionConfigurationPlatforms) = preSolution
		Debug|Any CPU = Debug|Any CPU
		Release|Any CPU = Release|Any CPU
	EndGlobalSection
	GlobalSection(ProjectConfigurationPlatforms) = postSolution
		{4D4FE39C-77FB-470D-BEF5-99523B0F004A}.Debug|Any CPU.ActiveCfg = Debug|Any CPU
		{4D4FE39C-77FB-470D-BEF5-99523B0F004A}.Debug|Any CPU.Build.0 = Debug|Any CPU
		{4D4FE39C-77FB-470D-BEF5-99523B0F004A}.Release|Any CPU.ActiveCfg = Release|Any CPU
		{4D4FE39C-77FB-470D-BEF5-99523B0F004A}.Release|Any CPU.Build.0 = Release|Any CPU
		{E71C8698-B1C9-46C2-913F-D3ECAB4C67E8}.Debug|Any CPU.ActiveCfg = Debug|Any CPU
		{E71C8698-B1C9-46C2-913F-D3ECAB4C67E8}.Debug|Any CPU.Build.0 = Debug|Any CPU
		{E71C8698-B1C9-46C2-913F-D3ECAB4C67E8}.Debug|Any CPU.Deploy.0 = Debug|Any CPU
		{E71C8698-B1C9-46C2-913F-D3ECAB4C67E8}.Release|Any CPU.ActiveCfg = Release|Any CPU
		{E71C8698-B1C9-46C2-913F-D3ECAB4C67E8}.Release|Any CPU.Build.0 = Release|Any CPU
		{E71C8698-B1C9-46C2-913F-D3ECAB4C67E8}.Release|Any CPU.Deploy.0 = Release|Any CPU
		{AA6E16FD-2875-42B6-85EE-83AE95AC8836}.Debug|Any CPU.ActiveCfg = Debug|Any CPU
		{AA6E16FD-2875-42B6-85EE-83AE95AC8836}.Debug|Any CPU.Build.0 = Debug|Any CPU
		{AA6E16FD-2875-42B6-85EE-83AE95AC8836}.Release|Any CPU.ActiveCfg = Release|Any CPU
		{AA6E16FD-2875-42B6-85EE-83AE95AC8836}.Release|Any CPU.Build.0 = Release|Any CPU
	EndGlobalSection
	GlobalSection(SolutionProperties) = preSolution
		HideSolutionNode = FALSE
	EndGlobalSection
	GlobalSection(ExtensibilityGlobals) = postSolution
		SolutionGuid = {351FF26B-765F-4E5B-BAFA-CC5F2E45CAE3}
	EndGlobalSection
EndGlobal
